
Microsoft Visual Studio Solution File, Format Version 12.00
# Visual Studio 2013
VisualStudioVersion = 12.0.21005.1
MinimumVisualStudioVersion = 10.0.40219.1
Project("{FAE04EC0-301F-11D3-BF4B-00C04F79EFBC}") = "Unit Test", "Unit Test\Unit Test.csproj", "{6F47422C-E8D8-456D-AD02-5EB1EBBA0012}"
EndProject
Project("{FAE04EC0-301F-11D3-BF4B-00C04F79EFBC}") = "Emulator", "Emulator\Emulator.csproj", "{A89387E2-0376-49F6-A121-7517F5F773E6}"
EndProject
Project("{FAE04EC0-301F-11D3-BF4B-00C04F79EFBC}") = "Debug", "Debug\Debug.csproj", "{9C2739BE-5C29-4CC0-9D98-F51F6CD03945}"
EndProject
Project("{FAE04EC0-301F-11D3-BF4B-00C04F79EFBC}") = "Space Invaders", "Space Invaders\Space Invaders.csproj", "{23B5B1B0-FD97-4F9F-94B5-7C8E0D3AB41E}"
EndProject
Global
	GlobalSection(SolutionConfigurationPlatforms) = preSolution
		Debug|Any CPU = Debug|Any CPU
		Release|Any CPU = Release|Any CPU
	EndGlobalSection
	GlobalSection(ProjectConfigurationPlatforms) = postSolution
		{6F47422C-E8D8-456D-AD02-5EB1EBBA0012}.Debug|Any CPU.ActiveCfg = Debug|Any CPU
		{6F47422C-E8D8-456D-AD02-5EB1EBBA0012}.Debug|Any CPU.Build.0 = Debug|Any CPU
		{6F47422C-E8D8-456D-AD02-5EB1EBBA0012}.Release|Any CPU.ActiveCfg = Release|Any CPU
		{6F47422C-E8D8-456D-AD02-5EB1EBBA0012}.Release|Any CPU.Build.0 = Release|Any CPU
		{A89387E2-0376-49F6-A121-7517F5F773E6}.Debug|Any CPU.ActiveCfg = Debug|Any CPU
		{A89387E2-0376-49F6-A121-7517F5F773E6}.Debug|Any CPU.Build.0 = Debug|Any CPU
		{A89387E2-0376-49F6-A121-7517F5F773E6}.Release|Any CPU.ActiveCfg = Release|Any CPU
		{A89387E2-0376-49F6-A121-7517F5F773E6}.Release|Any CPU.Build.0 = Release|Any CPU
		{9C2739BE-5C29-4CC0-9D98-F51F6CD03945}.Debug|Any CPU.ActiveCfg = Debug|Any CPU
		{9C2739BE-5C29-4CC0-9D98-F51F6CD03945}.Debug|Any CPU.Build.0 = Debug|Any CPU
		{9C2739BE-5C29-4CC0-9D98-F51F6CD03945}.Release|Any CPU.ActiveCfg = Release|Any CPU
		{9C2739BE-5C29-4CC0-9D98-F51F6CD03945}.Release|Any CPU.Build.0 = Release|Any CPU
		{23B5B1B0-FD97-4F9F-94B5-7C8E0D3AB41E}.Debug|Any CPU.ActiveCfg = Debug|Any CPU
		{23B5B1B0-FD97-4F9F-94B5-7C8E0D3AB41E}.Debug|Any CPU.Build.0 = Debug|Any CPU
		{23B5B1B0-FD97-4F9F-94B5-7C8E0D3AB41E}.Release|Any CPU.ActiveCfg = Release|Any CPU
		{23B5B1B0-FD97-4F9F-94B5-7C8E0D3AB41E}.Release|Any CPU.Build.0 = Release|Any CPU
	EndGlobalSection
	GlobalSection(SolutionProperties) = preSolution
		HideSolutionNode = FALSE
	EndGlobalSection
EndGlobal
